// !$*UTF8*$!
{
	archiveVersion = 1;
	classes = {
	};
	objectVersion = 56;
	objects = {

/* Begin PBXBuildFile section */
		A50D56F629E5609600F9BC29 /* SettingsView.swift in Sources */ = {isa = PBXBuildFile; fileRef = A50D56F529E5609600F9BC29 /* SettingsView.swift */; };
		A518683F29E0593500FBF3E3 /* FrutopediaApp.swift in Sources */ = {isa = PBXBuildFile; fileRef = A518683E29E0593500FBF3E3 /* FrutopediaApp.swift */; };
		A518684129E0593500FBF3E3 /* ContentView.swift in Sources */ = {isa = PBXBuildFile; fileRef = A518684029E0593500FBF3E3 /* ContentView.swift */; };
		A518684329E0593900FBF3E3 /* Assets.xcassets in Resources */ = {isa = PBXBuildFile; fileRef = A518684229E0593900FBF3E3 /* Assets.xcassets */; };
		A518684629E0593900FBF3E3 /* Preview Assets.xcassets in Resources */ = {isa = PBXBuildFile; fileRef = A518684529E0593900FBF3E3 /* Preview Assets.xcassets */; };
		A518684F29E05FE000FBF3E3 /* FruitCardView.swift in Sources */ = {isa = PBXBuildFile; fileRef = A518684E29E05FE000FBF3E3 /* FruitCardView.swift */; };
		A577273C29E3E6BC00BD4A50 /* FruitDetailsView.swift in Sources */ = {isa = PBXBuildFile; fileRef = A577273B29E3E6BC00BD4A50 /* FruitDetailsView.swift */; };
		A577273E29E3EC3100BD4A50 /* FruitHeaderView.swift in Sources */ = {isa = PBXBuildFile; fileRef = A577273D29E3EC3100BD4A50 /* FruitHeaderView.swift */; };
		A577274029E3F08900BD4A50 /* SourceLinkView.swift in Sources */ = {isa = PBXBuildFile; fileRef = A577273F29E3F08900BD4A50 /* SourceLinkView.swift */; };
		A577274229E3F3DE00BD4A50 /* NutrientsView.swift in Sources */ = {isa = PBXBuildFile; fileRef = A577274129E3F3DE00BD4A50 /* NutrientsView.swift */; };
		A5B5E34929E2C5BE0023A32C /* StartButtonView.swift in Sources */ = {isa = PBXBuildFile; fileRef = A5B5E34829E2C5BE0023A32C /* StartButtonView.swift */; };
		A5B5E34B29E2CC090023A32C /* OnboardingView.swift in Sources */ = {isa = PBXBuildFile; fileRef = A5B5E34A29E2CC090023A32C /* OnboardingView.swift */; };
		A5B5E34E29E2CE8E0023A32C /* FruitModel.swift in Sources */ = {isa = PBXBuildFile; fileRef = A5B5E34D29E2CE8E0023A32C /* FruitModel.swift */; };
		A5B5E35129E2CFBD0023A32C /* FruitData.swift in Sources */ = {isa = PBXBuildFile; fileRef = A5B5E35029E2CFBD0023A32C /* FruitData.swift */; };
		A5B5E35329E2E2F90023A32C /* FruitRowView.swift in Sources */ = {isa = PBXBuildFile; fileRef = A5B5E35229E2E2F90023A32C /* FruitRowView.swift */; };
/* End PBXBuildFile section */

/* Begin PBXFileReference section */
		A50D56F529E5609600F9BC29 /* SettingsView.swift */ = {isa = PBXFileReference; lastKnownFileType = sourcecode.swift; path = SettingsView.swift; sourceTree = "<group>"; };
		A518683B29E0593500FBF3E3 /* Frutopedia.app */ = {isa = PBXFileReference; explicitFileType = wrapper.application; includeInIndex = 0; path = Frutopedia.app; sourceTree = BUILT_PRODUCTS_DIR; };
		A518683E29E0593500FBF3E3 /* FrutopediaApp.swift */ = {isa = PBXFileReference; lastKnownFileType = sourcecode.swift; path = FrutopediaApp.swift; sourceTree = "<group>"; };
		A518684029E0593500FBF3E3 /* ContentView.swift */ = {isa = PBXFileReference; lastKnownFileType = sourcecode.swift; path = ContentView.swift; sourceTree = "<group>"; };
		A518684229E0593900FBF3E3 /* Assets.xcassets */ = {isa = PBXFileReference; lastKnownFileType = folder.assetcatalog; path = Assets.xcassets; sourceTree = "<group>"; };
		A518684529E0593900FBF3E3 /* Preview Assets.xcassets */ = {isa = PBXFileReference; lastKnownFileType = folder.assetcatalog; path = "Preview Assets.xcassets"; sourceTree = "<group>"; };
		A518684E29E05FE000FBF3E3 /* FruitCardView.swift */ = {isa = PBXFileReference; lastKnownFileType = sourcecode.swift; path = FruitCardView.swift; sourceTree = "<group>"; };
		A577273B29E3E6BC00BD4A50 /* FruitDetailsView.swift */ = {isa = PBXFileReference; lastKnownFileType = sourcecode.swift; name = FruitDetailsView.swift; path = Frutopedia/View/FruitDetailsView.swift; sourceTree = SOURCE_ROOT; };
		A577273D29E3EC3100BD4A50 /* FruitHeaderView.swift */ = {isa = PBXFileReference; lastKnownFileType = sourcecode.swift; path = FruitHeaderView.swift; sourceTree = "<group>"; };
		A577273F29E3F08900BD4A50 /* SourceLinkView.swift */ = {isa = PBXFileReference; lastKnownFileType = sourcecode.swift; path = SourceLinkView.swift; sourceTree = "<group>"; };
		A577274129E3F3DE00BD4A50 /* NutrientsView.swift */ = {isa = PBXFileReference; lastKnownFileType = sourcecode.swift; path = NutrientsView.swift; sourceTree = "<group>"; };
		A5B5E34829E2C5BE0023A32C /* StartButtonView.swift */ = {isa = PBXFileReference; lastKnownFileType = sourcecode.swift; path = StartButtonView.swift; sourceTree = "<group>"; };
		A5B5E34A29E2CC090023A32C /* OnboardingView.swift */ = {isa = PBXFileReference; lastKnownFileType = sourcecode.swift; path = OnboardingView.swift; sourceTree = "<group>"; };
		A5B5E34D29E2CE8E0023A32C /* FruitModel.swift */ = {isa = PBXFileReference; lastKnownFileType = sourcecode.swift; path = FruitModel.swift; sourceTree = "<group>"; };
		A5B5E35029E2CFBD0023A32C /* FruitData.swift */ = {isa = PBXFileReference; lastKnownFileType = sourcecode.swift; path = FruitData.swift; sourceTree = "<group>"; };
		A5B5E35229E2E2F90023A32C /* FruitRowView.swift */ = {isa = PBXFileReference; lastKnownFileType = sourcecode.swift; path = FruitRowView.swift; sourceTree = "<group>"; };
/* End PBXFileReference section */

/* Begin PBXFrameworksBuildPhase section */
		A518683829E0593500FBF3E3 /* Frameworks */ = {
			isa = PBXFrameworksBuildPhase;
			buildActionMask = 2147483647;
			files = (
			);
			runOnlyForDeploymentPostprocessing = 0;
		};
/* End PBXFrameworksBuildPhase section */

/* Begin PBXGroup section */
		A518683229E0593500FBF3E3 = {
			isa = PBXGroup;
			children = (
				A518683D29E0593500FBF3E3 /* Frutopedia */,
				A518683C29E0593500FBF3E3 /* Products */,
			);
			sourceTree = "<group>";
		};
		A518683C29E0593500FBF3E3 /* Products */ = {
			isa = PBXGroup;
			children = (
				A518683B29E0593500FBF3E3 /* Frutopedia.app */,
			);
			name = Products;
			sourceTree = "<group>";
		};
		A518683D29E0593500FBF3E3 /* Frutopedia */ = {
			isa = PBXGroup;
			children = (
				A5B5E34F29E2CFA80023A32C /* Data */,
				A5B5E34C29E2CE760023A32C /* Model */,
				A518684D29E05FB400FBF3E3 /* View */,
				A518684C29E05F7B00FBF3E3 /* App */,
				A518684229E0593900FBF3E3 /* Assets.xcassets */,
				A518684429E0593900FBF3E3 /* Preview Content */,
			);
			path = Frutopedia;
			sourceTree = "<group>";
		};
		A518684429E0593900FBF3E3 /* Preview Content */ = {
			isa = PBXGroup;
			children = (
				A518684529E0593900FBF3E3 /* Preview Assets.xcassets */,
			);
			path = "Preview Content";
			sourceTree = "<group>";
		};
		A518684C29E05F7B00FBF3E3 /* App */ = {
			isa = PBXGroup;
			children = (
				A577273B29E3E6BC00BD4A50 /* FruitDetailsView.swift */,
				A518683E29E0593500FBF3E3 /* FrutopediaApp.swift */,
				A518684029E0593500FBF3E3 /* ContentView.swift */,
				A5B5E34A29E2CC090023A32C /* OnboardingView.swift */,
				A50D56F529E5609600F9BC29 /* SettingsView.swift */,
			);
			path = App;
			sourceTree = "<group>";
		};
		A518684D29E05FB400FBF3E3 /* View */ = {
			isa = PBXGroup;
			children = (
				A518684E29E05FE000FBF3E3 /* FruitCardView.swift */,
				A5B5E34829E2C5BE0023A32C /* StartButtonView.swift */,
				A5B5E35229E2E2F90023A32C /* FruitRowView.swift */,
				A577273D29E3EC3100BD4A50 /* FruitHeaderView.swift */,
				A577273F29E3F08900BD4A50 /* SourceLinkView.swift */,
				A577274129E3F3DE00BD4A50 /* NutrientsView.swift */,
			);
			path = View;
			sourceTree = "<group>";
		};
		A5B5E34C29E2CE760023A32C /* Model */ = {
			isa = PBXGroup;
			children = (
				A5B5E34D29E2CE8E0023A32C /* FruitModel.swift */,
			);
			path = Model;
			sourceTree = "<group>";
		};
		A5B5E34F29E2CFA80023A32C /* Data */ = {
			isa = PBXGroup;
			children = (
				A5B5E35029E2CFBD0023A32C /* FruitData.swift */,
			);
			path = Data;
			sourceTree = "<group>";
		};
/* End PBXGroup section */

/* Begin PBXNativeTarget section */
		A518683A29E0593500FBF3E3 /* Frutopedia */ = {
			isa = PBXNativeTarget;
			buildConfigurationList = A518684929E0593900FBF3E3 /* Build configuration list for PBXNativeTarget "Frutopedia" */;
			buildPhases = (
				A518683729E0593500FBF3E3 /* Sources */,
				A518683829E0593500FBF3E3 /* Frameworks */,
				A518683929E0593500FBF3E3 /* Resources */,
			);
			buildRules = (
			);
			dependencies = (
			);
			name = Frutopedia;
			productName = Frutopedia;
			productReference = A518683B29E0593500FBF3E3 /* Frutopedia.app */;
			productType = "com.apple.product-type.application";
		};
/* End PBXNativeTarget section */

/* Begin PBXProject section */
		A518683329E0593500FBF3E3 /* Project object */ = {
			isa = PBXProject;
			attributes = {
				BuildIndependentTargetsInParallel = 1;
				LastSwiftUpdateCheck = 1420;
				LastUpgradeCheck = 1420;
				TargetAttributes = {
					A518683A29E0593500FBF3E3 = {
						CreatedOnToolsVersion = 14.2;
					};
				};
			};
			buildConfigurationList = A518683629E0593500FBF3E3 /* Build configuration list for PBXProject "Frutopedia" */;
			compatibilityVersion = "Xcode 14.0";
			developmentRegion = en;
			hasScannedForEncodings = 0;
			knownRegions = (
				en,
				Base,
			);
			mainGroup = A518683229E0593500FBF3E3;
			productRefGroup = A518683C29E0593500FBF3E3 /* Products */;
			projectDirPath = "";
			projectRoot = "";
			targets = (
				A518683A29E0593500FBF3E3 /* Frutopedia */,
			);
		};
/* End PBXProject section */

/* Begin PBXResourcesBuildPhase section */
		A518683929E0593500FBF3E3 /* Resources */ = {
			isa = PBXResourcesBuildPhase;
			buildActionMask = 2147483647;
			files = (
				A518684629E0593900FBF3E3 /* Preview Assets.xcassets in Resources */,
				A518684329E0593900FBF3E3 /* Assets.xcassets in Resources */,
			);
			runOnlyForDeploymentPostprocessing = 0;
		};
/* End PBXResourcesBuildPhase section */

/* Begin PBXSourcesBuildPhase section */
		A518683729E0593500FBF3E3 /* Sources */ = {
			isa = PBXSourcesBuildPhase;
			buildActionMask = 2147483647;
			files = (
				A5B5E35129E2CFBD0023A32C /* FruitData.swift in Sources */,
				A577274229E3F3DE00BD4A50 /* NutrientsView.swift in Sources */,
				A577274029E3F08900BD4A50 /* SourceLinkView.swift in Sources */,
				A518684F29E05FE000FBF3E3 /* FruitCardView.swift in Sources */,
				A5B5E35329E2E2F90023A32C /* FruitRowView.swift in Sources */,
				A5B5E34929E2C5BE0023A32C /* StartButtonView.swift in Sources */,
				A577273C29E3E6BC00BD4A50 /* FruitDetailsView.swift in Sources */,
				A518684129E0593500FBF3E3 /* ContentView.swift in Sources */,
				A577273E29E3EC3100BD4A50 /* FruitHeaderView.swift in Sources */,
				A5B5E34B29E2CC090023A32C /* OnboardingView.swift in Sources */,
				A5B5E34E29E2CE8E0023A32C /* FruitModel.swift in Sources */,
				A518683F29E0593500FBF3E3 /* FrutopediaApp.swift in Sources */,
				A50D56F629E5609600F9BC29 /* SettingsView.swift in Sources */,
			);
			runOnlyForDeploymentPostprocessing = 0;
		};
/* End PBXSourcesBuildPhase section */

/* Begin XCBuildConfiguration section */
		A518684729E0593900FBF3E3 /* Debug */ = {
			isa = XCBuildConfiguration;
			buildSettings = {
				ALWAYS_SEARCH_USER_PATHS = NO;
				CLANG_ANALYZER_NONNULL = YES;
				CLANG_ANALYZER_NUMBER_OBJECT_CONVERSION = YES_AGGRESSIVE;
				CLANG_CXX_LANGUAGE_STANDARD = "gnu++20";
				CLANG_ENABLE_MODULES = YES;
				CLANG_ENABLE_OBJC_ARC = YES;
				CLANG_ENABLE_OBJC_WEAK = YES;
				CLANG_WARN_BLOCK_CAPTURE_AUTORELEASING = YES;
				CLANG_WARN_BOOL_CONVERSION = YES;
				CLANG_WARN_COMMA = YES;
				CLANG_WARN_CONSTANT_CONVERSION = YES;
				CLANG_WARN_DEPRECATED_OBJC_IMPLEMENTATIONS = YES;
				CLANG_WARN_DIRECT_OBJC_ISA_USAGE = YES_ERROR;
				CLANG_WARN_DOCUMENTATION_COMMENTS = YES;
				CLANG_WARN_EMPTY_BODY = YES;
				CLANG_WARN_ENUM_CONVERSION = YES;
				CLANG_WARN_INFINITE_RECURSION = YES;
				CLANG_WARN_INT_CONVERSION = YES;
				CLANG_WARN_NON_LITERAL_NULL_CONVERSION = YES;
				CLANG_WARN_OBJC_IMPLICIT_RETAIN_SELF = YES;
				CLANG_WARN_OBJC_LITERAL_CONVERSION = YES;
				CLANG_WARN_OBJC_ROOT_CLASS = YES_ERROR;
				CLANG_WARN_QUOTED_INCLUDE_IN_FRAMEWORK_HEADER = YES;
				CLANG_WARN_RANGE_LOOP_ANALYSIS = YES;
				CLANG_WARN_STRICT_PROTOTYPES = YES;
				CLANG_WARN_SUSPICIOUS_MOVE = YES;
				CLANG_WARN_UNGUARDED_AVAILABILITY = YES_AGGRESSIVE;
				CLANG_WARN_UNREACHABLE_CODE = YES;
				CLANG_WARN__DUPLICATE_METHOD_MATCH = YES;
				COPY_PHASE_STRIP = NO;
				DEBUG_INFORMATION_FORMAT = dwarf;
				ENABLE_STRICT_OBJC_MSGSEND = YES;
				ENABLE_TESTABILITY = YES;
				GCC_C_LANGUAGE_STANDARD = gnu11;
				GCC_DYNAMIC_NO_PIC = NO;
				GCC_NO_COMMON_BLOCKS = YES;
				GCC_OPTIMIZATION_LEVEL = 0;
				GCC_PREPROCESSOR_DEFINITIONS = (
					"DEBUG=1",
					"$(inherited)",
				);
				GCC_WARN_64_TO_32_BIT_CONVERSION = YES;
				GCC_WARN_ABOUT_RETURN_TYPE = YES_ERROR;
				GCC_WARN_UNDECLARED_SELECTOR = YES;
				GCC_WARN_UNINITIALIZED_AUTOS = YES_AGGRESSIVE;
				GCC_WARN_UNUSED_FUNCTION = YES;
				GCC_WARN_UNUSED_VARIABLE = YES;
				IPHONEOS_DEPLOYMENT_TARGET = 15.5;
				MTL_ENABLE_DEBUG_INFO = INCLUDE_SOURCE;
				MTL_FAST_MATH = YES;
				ONLY_ACTIVE_ARCH = YES;
				SDKROOT = iphoneos;
				SWIFT_ACTIVE_COMPILATION_CONDITIONS = DEBUG;
				SWIFT_OPTIMIZATION_LEVEL = "-Onone";
			};
			name = Debug;
		};
		A518684829E0593900FBF3E3 /* Release */ = {
			isa = XCBuildConfiguration;
			buildSettings = {
				ALWAYS_SEARCH_USER_PATHS = NO;
				CLANG_ANALYZER_NONNULL = YES;
				CLANG_ANALYZER_NUMBER_OBJECT_CONVERSION = YES_AGGRESSIVE;
				CLANG_CXX_LANGUAGE_STANDARD = "gnu++20";
				CLANG_ENABLE_MODULES = YES;
				CLANG_ENABLE_OBJC_ARC = YES;
				CLANG_ENABLE_OBJC_WEAK = YES;
				CLANG_WARN_BLOCK_CAPTURE_AUTORELEASING = YES;
				CLANG_WARN_BOOL_CONVERSION = YES;
				CLANG_WARN_COMMA = YES;
				CLANG_WARN_CONSTANT_CONVERSION = YES;
				CLANG_WARN_DEPRECATED_OBJC_IMPLEMENTATIONS = YES;
				CLANG_WARN_DIRECT_OBJC_ISA_USAGE = YES_ERROR;
				CLANG_WARN_DOCUMENTATION_COMMENTS = YES;
				CLANG_WARN_EMPTY_BODY = YES;
				CLANG_WARN_ENUM_CONVERSION = YES;
				CLANG_WARN_INFINITE_RECURSION = YES;
				CLANG_WARN_INT_CONVERSION = YES;
				CLANG_WARN_NON_LITERAL_NULL_CONVERSION = YES;
				CLANG_WARN_OBJC_IMPLICIT_RETAIN_SELF = YES;
				CLANG_WARN_OBJC_LITERAL_CONVERSION = YES;
				CLANG_WARN_OBJC_ROOT_CLASS = YES_ERROR;
				CLANG_WARN_QUOTED_INCLUDE_IN_FRAMEWORK_HEADER = YES;
				CLANG_WARN_RANGE_LOOP_ANALYSIS = YES;
				CLANG_WARN_STRICT_PROTOTYPES = YES;
				CLANG_WARN_SUSPICIOUS_MOVE = YES;
				CLANG_WARN_UNGUARDED_AVAILABILITY = YES_AGGRESSIVE;
				CLANG_WARN_UNREACHABLE_CODE = YES;
				CLANG_WARN__DUPLICATE_METHOD_MATCH = YES;
				COPY_PHASE_STRIP = NO;
				DEBUG_INFORMATION_FORMAT = "dwarf-with-dsym";
				ENABLE_NS_ASSERTIONS = NO;
				ENABLE_STRICT_OBJC_MSGSEND = YES;
				GCC_C_LANGUAGE_STANDARD = gnu11;
				GCC_NO_COMMON_BLOCKS = YES;
				GCC_WARN_64_TO_32_BIT_CONVERSION = YES;
				GCC_WARN_ABOUT_RETURN_TYPE = YES_ERROR;
				GCC_WARN_UNDECLARED_SELECTOR = YES;
				GCC_WARN_UNINITIALIZED_AUTOS = YES_AGGRESSIVE;
				GCC_WARN_UNUSED_FUNCTION = YES;
				GCC_WARN_UNUSED_VARIABLE = YES;
				IPHONEOS_DEPLOYMENT_TARGET = 15.5;
				MTL_ENABLE_DEBUG_INFO = NO;
				MTL_FAST_MATH = YES;
				SDKROOT = iphoneos;
				SWIFT_COMPILATION_MODE = wholemodule;
				SWIFT_OPTIMIZATION_LEVEL = "-O";
				VALIDATE_PRODUCT = YES;
			};
			name = Release;
		};
		A518684A29E0593900FBF3E3 /* Debug */ = {
			isa = XCBuildConfiguration;
			buildSettings = {
				ASSETCATALOG_COMPILER_APPICON_NAME = AppIcon;
				ASSETCATALOG_COMPILER_GLOBAL_ACCENT_COLOR_NAME = AccentColor;
				CODE_SIGN_STYLE = Automatic;
				CURRENT_PROJECT_VERSION = 1;
				DEVELOPMENT_ASSET_PATHS = "\"Frutopedia/Preview Content\"";
				DEVELOPMENT_TEAM = LT772WDFTX;
				ENABLE_PREVIEWS = YES;
				GENERATE_INFOPLIST_FILE = YES;
				INFOPLIST_KEY_UIApplicationSceneManifest_Generation = YES;
				INFOPLIST_KEY_UIApplicationSupportsIndirectInputEvents = YES;
				INFOPLIST_KEY_UILaunchScreen_Generation = YES;
				INFOPLIST_KEY_UISupportedInterfaceOrientations = UIInterfaceOrientationPortrait;
				LD_RUNPATH_SEARCH_PATHS = (
					"$(inherited)",
					"@executable_path/Frameworks",
				);
				MARKETING_VERSION = 1.0;
				PRODUCT_BUNDLE_IDENTIFIER = sergeybindasov.Frutopedia;
				PRODUCT_NAME = "$(TARGET_NAME)";
				SWIFT_EMIT_LOC_STRINGS = YES;
				SWIFT_VERSION = 5.0;
				TARGETED_DEVICE_FAMILY = "1,2";
			};
			name = Debug;
		};
		A518684B29E0593900FBF3E3 /* Release */ = {
			isa = XCBuildConfiguration;
			buildSettings = {
				ASSETCATALOG_COMPILER_APPICON_NAME = AppIcon;
				ASSETCATALOG_COMPILER_GLOBAL_ACCENT_COLOR_NAME = AccentColor;
				CODE_SIGN_STYLE = Automatic;
				CURRENT_PROJECT_VERSION = 1;
				DEVELOPMENT_ASSET_PATHS = "\"Frutopedia/Preview Content\"";
				DEVELOPMENT_TEAM = LT772WDFTX;
				ENABLE_PREVIEWS = YES;
				GENERATE_INFOPLIST_FILE = YES;
				INFOPLIST_KEY_UIApplicationSceneManifest_Generation = YES;
				INFOPLIST_KEY_UIApplicationSupportsIndirectInputEvents = YES;
				INFOPLIST_KEY_UILaunchScreen_Generation = YES;
				INFOPLIST_KEY_UISupportedInterfaceOrientations = UIInterfaceOrientationPortrait;
				LD_RUNPATH_SEARCH_PATHS = (
					"$(inherited)",
					"@executable_path/Frameworks",
				);
				MARKETING_VERSION = 1.0;
				PRODUCT_BUNDLE_IDENTIFIER = sergeybindasov.Frutopedia;
				PRODUCT_NAME = "$(TARGET_NAME)";
				SWIFT_EMIT_LOC_STRINGS = YES;
				SWIFT_VERSION = 5.0;
				TARGETED_DEVICE_FAMILY = "1,2";
			};
			name = Release;
		};
/* End XCBuildConfiguration section */

/* Begin XCConfigurationList section */
		A518683629E0593500FBF3E3 /* Build configuration list for PBXProject "Frutopedia" */ = {
			isa = XCConfigurationList;
			buildConfigurations = (
				A518684729E0593900FBF3E3 /* Debug */,
				A518684829E0593900FBF3E3 /* Release */,
			);
			defaultConfigurationIsVisible = 0;
			defaultConfigurationName = Release;
		};
		A518684929E0593900FBF3E3 /* Build configuration list for PBXNativeTarget "Frutopedia" */ = {
			isa = XCConfigurationList;
			buildConfigurations = (
				A518684A29E0593900FBF3E3 /* Debug */,
				A518684B29E0593900FBF3E3 /* Release */,
			);
			defaultConfigurationIsVisible = 0;
			defaultConfigurationName = Release;
		};
/* End XCConfigurationList section */
	};
	rootObject = A518683329E0593500FBF3E3 /* Project object */;
}
